
Microsoft Visual Studio Solution File, Format Version 12.00
# Visual Studio 15
Project("{FAE04EC0-301F-11D3-BF4B-00C04F79EFBC}") = "Assembly-CSharp-firstpass", "Assembly-CSharp-firstpass.csproj", "{AA36F5FE-9A8B-D9B7-C186-DD0CC9DD3868}"
EndProject
Project("{FAE04EC0-301F-11D3-BF4B-00C04F79EFBC}") = "Assembly-CSharp", "Assembly-CSharp.csproj", "{19F7E2AF-6985-E8FC-F469-B99465C4AC6B}"
EndProject
Global
	GlobalSection(SolutionConfigurationPlatforms) = preSolution
		Debug|Any CPU = Debug|Any CPU
		Release|Any CPU = Release|Any CPU
	EndGlobalSection
	GlobalSection(ProjectConfigurationPlatforms) = postSolution
		{AA36F5FE-9A8B-D9B7-C186-DD0CC9DD3868}.Debug|Any CPU.ActiveCfg = Debug|Any CPU
		{AA36F5FE-9A8B-D9B7-C186-DD0CC9DD3868}.Debug|Any CPU.Build.0 = Debug|Any CPU
		{AA36F5FE-9A8B-D9B7-C186-DD0CC9DD3868}.Release|Any CPU.ActiveCfg = Release|Any CPU
		{AA36F5FE-9A8B-D9B7-C186-DD0CC9DD3868}.Release|Any CPU.Build.0 = Release|Any CPU
		{19F7E2AF-6985-E8FC-F469-B99465C4AC6B}.Debug|Any CPU.ActiveCfg = Debug|Any CPU
		{19F7E2AF-6985-E8FC-F469-B99465C4AC6B}.Debug|Any CPU.Build.0 = Debug|Any CPU
		{19F7E2AF-6985-E8FC-F469-B99465C4AC6B}.Release|Any CPU.ActiveCfg = Release|Any CPU
		{19F7E2AF-6985-E8FC-F469-B99465C4AC6B}.Release|Any CPU.Build.0 = Release|Any CPU
	EndGlobalSection
	GlobalSection(SolutionProperties) = preSolution
		HideSolutionNode = FALSE
	EndGlobalSection
EndGlobal
